{
  "requires": true,
  "lockfileVersion": 1,
  "dependencies": {
    "vis-network": {
      "version": "7.5.1",
      "resolved": "https://registry.npmjs.org/vis-network/-/vis-network-7.5.1.tgz",
      "integrity": "sha512-v6NcG9u/rLai3npSS3keRgPrCmfCKZYZN9dSD3OiGR2XFnzkF0DtwI+aC2neaAR2kPfmK4f9e8oI5d9zJ/4Elg=="
    }
  }
}
